<Solution>
  <Folder Name="/src/">
    <Project Path="src/CpuAffinityManager.Avalonia/CpuAffinityManager.Avalonia.csproj" />
    <Project Path="src/CpuAffinityManager.Core/CpuAffinityManager.Core.csproj" />
  </Folder>
  <Folder Name="/tests/">
    <Project Path="tests/CpuAffinityManager.Tests/CpuAffinityManager.Tests.csproj" />
  </Folder>
</Solution>
